
Microsoft Visual Studio Solution File, Format Version 12.00
# Visual Studio 15
VisualStudioVersion = 15.0.27703.2035
MinimumVisualStudioVersion = 10.0.40219.1
Project("{2150E333-8FDC-42A3-9474-1A3956D46DE8}") = "src", "src", "{3D34E576-DF06-4FBE-91A2-55048E33C045}"
EndProject
Project("{2150E333-8FDC-42A3-9474-1A3956D46DE8}") = "Solution Items", "Solution Items", "{081D9228-60A9-456F-892C-757143552368}"
EndProject
Project("{9A19103F-16F7-4668-BE54-9A1E7A4F7556}") = "SampleApp", "src\SampleApp\SampleApp.csproj", "{F2D7C282-50DD-4C72-ABD5-62709477A7F6}"
EndProject
Project("{9A19103F-16F7-4668-BE54-9A1E7A4F7556}") = "SmokeTests", "src\SmokeTests\SmokeTests.csproj", "{2666FD54-7477-4806-BD40-794CACFA69E3}"
EndProject
Global
	GlobalSection(SolutionConfigurationPlatforms) = preSolution
		Debug|Any CPU = Debug|Any CPU
		Release|Any CPU = Release|Any CPU
	EndGlobalSection
	GlobalSection(ProjectConfigurationPlatforms) = postSolution
		{F2D7C282-50DD-4C72-ABD5-62709477A7F6}.Debug|Any CPU.ActiveCfg = Debug|Any CPU
		{F2D7C282-50DD-4C72-ABD5-62709477A7F6}.Debug|Any CPU.Build.0 = Debug|Any CPU
		{F2D7C282-50DD-4C72-ABD5-62709477A7F6}.Release|Any CPU.ActiveCfg = Release|Any CPU
		{F2D7C282-50DD-4C72-ABD5-62709477A7F6}.Release|Any CPU.Build.0 = Release|Any CPU
		{2666FD54-7477-4806-BD40-794CACFA69E3}.Debug|Any CPU.ActiveCfg = Debug|Any CPU
		{2666FD54-7477-4806-BD40-794CACFA69E3}.Debug|Any CPU.Build.0 = Debug|Any CPU
		{2666FD54-7477-4806-BD40-794CACFA69E3}.Release|Any CPU.ActiveCfg = Release|Any CPU
		{2666FD54-7477-4806-BD40-794CACFA69E3}.Release|Any CPU.Build.0 = Release|Any CPU
	EndGlobalSection
	GlobalSection(SolutionProperties) = preSolution
		HideSolutionNode = FALSE
	EndGlobalSection
	GlobalSection(NestedProjects) = preSolution
		{F2D7C282-50DD-4C72-ABD5-62709477A7F6} = {3D34E576-DF06-4FBE-91A2-55048E33C045}
		{2666FD54-7477-4806-BD40-794CACFA69E3} = {3D34E576-DF06-4FBE-91A2-55048E33C045}
	EndGlobalSection
	GlobalSection(ExtensibilityGlobals) = postSolution
		SolutionGuid = {59B91463-D802-4B53-97B5-A9C07B2A39C2}
	EndGlobalSection
EndGlobal
